{
  "requires": true,
  "lockfileVersion": 1,
  "dependencies": {
    "@vuepress/plugin-back-to-top": {
      "version": "1.8.2",
      "resolved": "https://registry.npmjs.org/@vuepress/plugin-back-to-top/-/plugin-back-to-top-1.8.2.tgz",
      "integrity": "sha512-htAf2m8+6cGmYQexWerznGBY10y1E4TBfebYC3Y3wqNjFjvXUmRKcAG/u6Yxvey4OFkQUxbth2ilKi/GlIW8aQ==",
      "dev": true,
      "requires": {
        "lodash.debounce": "^4.0.8"
      }
    },
    "lodash.chunk": {
      "version": "4.2.0",
      "resolved": "https://registry.npmjs.org/lodash.chunk/-/lodash.chunk-4.2.0.tgz",
      "integrity": "sha1-ZuXOH3btJ7QwPYxlEujRIW6BBrw="
    },
    "lodash.debounce": {
      "version": "4.0.8",
      "resolved": "https://registry.npmjs.org/lodash.debounce/-/lodash.debounce-4.0.8.tgz",
      "integrity": "sha1-gteb/zCmfEAF/9XiUVMArZyk168=",
      "dev": true
    },
    "lodash.padstart": {
      "version": "4.6.1",
      "resolved": "https://registry.npmjs.org/lodash.padstart/-/lodash.padstart-4.6.1.tgz",
      "integrity": "sha1-0uPuv/DZ05rVD1y9G1KnvOa7YRs="
    },
    "lodash.sortby": {
      "version": "4.7.0",
      "resolved": "https://registry.npmjs.org/lodash.sortby/-/lodash.sortby-4.7.0.tgz",
      "integrity": "sha1-7dFMgk4sycHgsKG0K7UhBRakJDg="
    },
    "punycode": {
      "version": "2.1.1",
      "resolved": "https://registry.npmjs.org/punycode/-/punycode-2.1.1.tgz",
      "integrity": "sha512-XRsRjdf+j5ml+y/6GKHPZbrF/8p2Yga0JPtdqTIY2Xe5ohJPD9saDJJLPvp9+NSBprVvevdXZybnj2cv8OEd0A=="
    },
    "sitemap": {
      "version": "3.2.2",
      "resolved": "https://registry.npmjs.org/sitemap/-/sitemap-3.2.2.tgz",
      "integrity": "sha512-TModL/WU4m2q/mQcrDgNANn0P4LwprM9MMvG4hu5zP4c6IIKs2YLTu6nXXnNr8ODW/WFtxKggiJ1EGn2W0GNmg==",
      "requires": {
        "lodash.chunk": "^4.2.0",
        "lodash.padstart": "^4.6.1",
        "whatwg-url": "^7.0.0",
        "xmlbuilder": "^13.0.0"
      }
    },
    "tr46": {
      "version": "1.0.1",
      "resolved": "https://registry.npmjs.org/tr46/-/tr46-1.0.1.tgz",
      "integrity": "sha1-qLE/1r/SSJUZZ0zN5VujaTtwbQk=",
      "requires": {
        "punycode": "^2.1.0"
      }
    },
    "vuepress-plugin-sitemap": {
      "version": "2.3.1",
      "resolved": "https://registry.npmjs.org/vuepress-plugin-sitemap/-/vuepress-plugin-sitemap-2.3.1.tgz",
      "integrity": "sha512-n+8lbukhrKrsI9H/EX0EBgkE1pn85LAQFvQ5dIvrZP4Kz6JxPOPPNTQmZMhahQV1tXbLZQCEN7A1WZH4x+arJQ==",
      "requires": {
        "sitemap": "^3.0.0"
      }
    },
    "webidl-conversions": {
      "version": "4.0.2",
      "resolved": "https://registry.npmjs.org/webidl-conversions/-/webidl-conversions-4.0.2.tgz",
      "integrity": "sha512-YQ+BmxuTgd6UXZW3+ICGfyqRyHXVlD5GtQr5+qjiNW7bF0cqrzX500HVXPBOvgXb5YnzDd+h0zqyv61KUD7+Sg=="
    },
    "whatwg-url": {
      "version": "7.1.0",
      "resolved": "https://registry.npmjs.org/whatwg-url/-/whatwg-url-7.1.0.tgz",
      "integrity": "sha512-WUu7Rg1DroM7oQvGWfOiAK21n74Gg+T4elXEQYkOhtyLeWiJFoOGLXPKI/9gzIie9CtwVLm8wtw6YJdKyxSjeg==",
      "requires": {
        "lodash.sortby": "^4.7.0",
        "tr46": "^1.0.1",
        "webidl-conversions": "^4.0.2"
      }
    },
    "xmlbuilder": {
      "version": "13.0.2",
      "resolved": "https://registry.npmjs.org/xmlbuilder/-/xmlbuilder-13.0.2.tgz",
      "integrity": "sha512-Eux0i2QdDYKbdbA6AM6xE4m6ZTZr4G4xF9kahI2ukSEMCzwce2eX9WlTI5J3s+NU7hpasFsr8hWIONae7LluAQ=="
    }
  }
}
